
Microsoft Visual Studio Solution File, Format Version 12.00
# Visual Studio Version 17
VisualStudioVersion = 17.3.32929.385
MinimumVisualStudioVersion = 10.0.40219.1
Project("{8BC9CEB8-8B4A-11D0-8D11-00A0C91BC942}") = "rozhkek", "rozhkek.vcxproj", "{8399001A-DB3E-424A-A58E-4FE098FD4929}"
EndProject
Global
	GlobalSection(SolutionConfigurationPlatforms) = preSolution
		Debug|x64 = Debug|x64
		Debug|x86 = Debug|x86
		Release|x64 = Release|x64
		Release|x86 = Release|x86
	EndGlobalSection
	GlobalSection(ProjectConfigurationPlatforms) = postSolution
		{8399001A-DB3E-424A-A58E-4FE098FD4929}.Debug|x64.ActiveCfg = Debug|x64
		{8399001A-DB3E-424A-A58E-4FE098FD4929}.Debug|x64.Build.0 = Debug|x64
		{8399001A-DB3E-424A-A58E-4FE098FD4929}.Debug|x86.ActiveCfg = Debug|Win32
		{8399001A-DB3E-424A-A58E-4FE098FD4929}.Debug|x86.Build.0 = Debug|Win32
		{8399001A-DB3E-424A-A58E-4FE098FD4929}.Release|x64.ActiveCfg = Release|x64
		{8399001A-DB3E-424A-A58E-4FE098FD4929}.Release|x64.Build.0 = Release|x64
		{8399001A-DB3E-424A-A58E-4FE098FD4929}.Release|x86.ActiveCfg = Release|Win32
		{8399001A-DB3E-424A-A58E-4FE098FD4929}.Release|x86.Build.0 = Release|Win32
	EndGlobalSection
	GlobalSection(SolutionProperties) = preSolution
		HideSolutionNode = FALSE
	EndGlobalSection
	GlobalSection(ExtensibilityGlobals) = postSolution
		SolutionGuid = {1B8190B1-3B38-466F-8097-914BADFC8923}
	EndGlobalSection
EndGlobal
